// !$*UTF8*$!
{
	archiveVersion = 1;
	classes = {
	};
	objectVersion = 48;
	objects = {

/* Begin PBXBuildFile section */
		00691FF11EFDBA1D00B594FC /* AppDelegate.swift in Sources */ = {isa = PBXBuildFile; fileRef = 00691FF01EFDBA1D00B594FC /* AppDelegate.swift */; };
		00691FF31EFDBA1D00B594FC /* art.scnassets in Resources */ = {isa = PBXBuildFile; fileRef = 00691FF21EFDBA1D00B594FC /* art.scnassets */; };
		00691FF51EFDBA1D00B594FC /* ViewController.swift in Sources */ = {isa = PBXBuildFile; fileRef = 00691FF41EFDBA1D00B594FC /* ViewController.swift */; };
		00691FF81EFDBA1D00B594FC /* Main.storyboard in Resources */ = {isa = PBXBuildFile; fileRef = 00691FF61EFDBA1D00B594FC /* Main.storyboard */; };
		00691FFA1EFDBA1D00B594FC /* Assets.xcassets in Resources */ = {isa = PBXBuildFile; fileRef = 00691FF91EFDBA1D00B594FC /* Assets.xcassets */; };
		00691FFD1EFDBA1D00B594FC /* LaunchScreen.storyboard in Resources */ = {isa = PBXBuildFile; fileRef = 00691FFB1EFDBA1D00B594FC /* LaunchScreen.storyboard */; };
/* End PBXBuildFile section */

/* Begin PBXFileReference section */
		00691FED1EFDBA1D00B594FC /* ARKitFun.app */ = {isa = PBXFileReference; explicitFileType = wrapper.application; includeInIndex = 0; path = ARKitFun.app; sourceTree = BUILT_PRODUCTS_DIR; };
		00691FF01EFDBA1D00B594FC /* AppDelegate.swift */ = {isa = PBXFileReference; lastKnownFileType = sourcecode.swift; path = AppDelegate.swift; sourceTree = "<group>"; };
		00691FF21EFDBA1D00B594FC /* art.scnassets */ = {isa = PBXFileReference; lastKnownFileType = wrapper.scnassets; path = art.scnassets; sourceTree = "<group>"; };
		00691FF41EFDBA1D00B594FC /* ViewController.swift */ = {isa = PBXFileReference; lastKnownFileType = sourcecode.swift; path = ViewController.swift; sourceTree = "<group>"; };
		00691FF71EFDBA1D00B594FC /* Base */ = {isa = PBXFileReference; lastKnownFileType = file.storyboard; name = Base; path = Base.lproj/Main.storyboard; sourceTree = "<group>"; };
		00691FF91EFDBA1D00B594FC /* Assets.xcassets */ = {isa = PBXFileReference; lastKnownFileType = folder.assetcatalog; path = Assets.xcassets; sourceTree = "<group>"; };
		00691FFC1EFDBA1D00B594FC /* Base */ = {isa = PBXFileReference; lastKnownFileType = file.storyboard; name = Base; path = Base.lproj/LaunchScreen.storyboard; sourceTree = "<group>"; };
		00691FFE1EFDBA1D00B594FC /* Info.plist */ = {isa = PBXFileReference; lastKnownFileType = text.plist.xml; path = Info.plist; sourceTree = "<group>"; };
/* End PBXFileReference section */

/* Begin PBXFrameworksBuildPhase section */
		00691FEA1EFDBA1D00B594FC /* Frameworks */ = {
			isa = PBXFrameworksBuildPhase;
			buildActionMask = 2147483647;
			files = (
			);
			runOnlyForDeploymentPostprocessing = 0;
		};
/* End PBXFrameworksBuildPhase section */

/* Begin PBXGroup section */
		00691FE41EFDBA1D00B594FC = {
			isa = PBXGroup;
			children = (
				00691FEF1EFDBA1D00B594FC /* ARKitFun */,
				00691FEE1EFDBA1D00B594FC /* Products */,
			);
			sourceTree = "<group>";
		};
		00691FEE1EFDBA1D00B594FC /* Products */ = {
			isa = PBXGroup;
			children = (
				00691FED1EFDBA1D00B594FC /* ARKitFun.app */,
			);
			name = Products;
			sourceTree = "<group>";
		};
		00691FEF1EFDBA1D00B594FC /* ARKitFun */ = {
			isa = PBXGroup;
			children = (
				00691FF01EFDBA1D00B594FC /* AppDelegate.swift */,
				00691FF21EFDBA1D00B594FC /* art.scnassets */,
				00691FF41EFDBA1D00B594FC /* ViewController.swift */,
				00691FF61EFDBA1D00B594FC /* Main.storyboard */,
				00691FF91EFDBA1D00B594FC /* Assets.xcassets */,
				00691FFB1EFDBA1D00B594FC /* LaunchScreen.storyboard */,
				00691FFE1EFDBA1D00B594FC /* Info.plist */,
			);
			path = ARKitFun;
			sourceTree = "<group>";
		};
/* End PBXGroup section */

/* Begin PBXNativeTarget section */
		00691FEC1EFDBA1D00B594FC /* ARKitFun */ = {
			isa = PBXNativeTarget;
			buildConfigurationList = 006920011EFDBA1D00B594FC /* Build configuration list for PBXNativeTarget "ARKitFun" */;
			buildPhases = (
				00691FE91EFDBA1D00B594FC /* Sources */,
				00691FEA1EFDBA1D00B594FC /* Frameworks */,
				00691FEB1EFDBA1D00B594FC /* Resources */,
			);
			buildRules = (
			);
			dependencies = (
			);
			name = ARKitFun;
			productName = ARKitFun;
			productReference = 00691FED1EFDBA1D00B594FC /* ARKitFun.app */;
			productType = "com.apple.product-type.application";
		};
/* End PBXNativeTarget section */

/* Begin PBXProject section */
		00691FE51EFDBA1D00B594FC /* Project object */ = {
			isa = PBXProject;
			attributes = {
				LastSwiftUpdateCheck = 0900;
				LastUpgradeCheck = 0900;
				ORGANIZATIONNAME = "Jeffrey Fulton";
				TargetAttributes = {
					00691FEC1EFDBA1D00B594FC = {
						CreatedOnToolsVersion = 9.0;
					};
				};
			};
			buildConfigurationList = 00691FE81EFDBA1D00B594FC /* Build configuration list for PBXProject "ARKitFun" */;
			compatibilityVersion = "Xcode 8.0";
			developmentRegion = en;
			hasScannedForEncodings = 0;
			knownRegions = (
				en,
				Base,
			);
			mainGroup = 00691FE41EFDBA1D00B594FC;
			productRefGroup = 00691FEE1EFDBA1D00B594FC /* Products */;
			projectDirPath = "";
			projectRoot = "";
			targets = (
				00691FEC1EFDBA1D00B594FC /* ARKitFun */,
			);
		};
/* End PBXProject section */

/* Begin PBXResourcesBuildPhase section */
		00691FEB1EFDBA1D00B594FC /* Resources */ = {
			isa = PBXResourcesBuildPhase;
			buildActionMask = 2147483647;
			files = (
				00691FF31EFDBA1D00B594FC /* art.scnassets in Resources */,
				00691FFD1EFDBA1D00B594FC /* LaunchScreen.storyboard in Resources */,
				00691FFA1EFDBA1D00B594FC /* Assets.xcassets in Resources */,
				00691FF81EFDBA1D00B594FC /* Main.storyboard in Resources */,
			);
			runOnlyForDeploymentPostprocessing = 0;
		};
/* End PBXResourcesBuildPhase section */

/* Begin PBXSourcesBuildPhase section */
		00691FE91EFDBA1D00B594FC /* Sources */ = {
			isa = PBXSourcesBuildPhase;
			buildActionMask = 2147483647;
			files = (
				00691FF51EFDBA1D00B594FC /* ViewController.swift in Sources */,
				00691FF11EFDBA1D00B594FC /* AppDelegate.swift in Sources */,
			);
			runOnlyForDeploymentPostprocessing = 0;
		};
/* End PBXSourcesBuildPhase section */

/* Begin PBXVariantGroup section */
		00691FF61EFDBA1D00B594FC /* Main.storyboard */ = {
			isa = PBXVariantGroup;
			children = (
				00691FF71EFDBA1D00B594FC /* Base */,
			);
			name = Main.storyboard;
			sourceTree = "<group>";
		};
		00691FFB1EFDBA1D00B594FC /* LaunchScreen.storyboard */ = {
			isa = PBXVariantGroup;
			children = (
				00691FFC1EFDBA1D00B594FC /* Base */,
			);
			name = LaunchScreen.storyboard;
			sourceTree = "<group>";
		};
/* End PBXVariantGroup section */

/* Begin XCBuildConfiguration section */
		00691FFF1EFDBA1D00B594FC /* Debug */ = {
			isa = XCBuildConfiguration;
			buildSettings = {
				ALWAYS_SEARCH_USER_PATHS = NO;
				CLANG_ANALYZER_NONNULL = YES;
				CLANG_ANALYZER_NUMBER_OBJECT_CONVERSION = YES_AGGRESSIVE;
				CLANG_CXX_LANGUAGE_STANDARD = "gnu++14";
				CLANG_CXX_LIBRARY = "libc++";
				CLANG_ENABLE_MODULES = YES;
				CLANG_ENABLE_OBJC_ARC = YES;
				CLANG_WARN_BLOCK_CAPTURE_AUTORELEASING = YES;
				CLANG_WARN_BOOL_CONVERSION = YES;
				CLANG_WARN_COMMA = YES;
				CLANG_WARN_CONSTANT_CONVERSION = YES;
				CLANG_WARN_DIRECT_OBJC_ISA_USAGE = YES_ERROR;
				CLANG_WARN_DOCUMENTATION_COMMENTS = YES;
				CLANG_WARN_EMPTY_BODY = YES;
				CLANG_WARN_ENUM_CONVERSION = YES;
				CLANG_WARN_INFINITE_RECURSION = YES;
				CLANG_WARN_INT_CONVERSION = YES;
				CLANG_WARN_OBJC_ROOT_CLASS = YES_ERROR;
				CLANG_WARN_RANGE_LOOP_ANALYSIS = YES;
				CLANG_WARN_STRICT_PROTOTYPES = YES;
				CLANG_WARN_SUSPICIOUS_MOVE = YES;
				CLANG_WARN_UNGUARDED_AVAILABILITY = YES_AGGRESSIVE;
				CLANG_WARN_UNREACHABLE_CODE = YES;
				CLANG_WARN__DUPLICATE_METHOD_MATCH = YES;
				CODE_SIGN_IDENTITY = "iPhone Developer";
				COPY_PHASE_STRIP = NO;
				DEBUG_INFORMATION_FORMAT = dwarf;
				ENABLE_STRICT_OBJC_MSGSEND = YES;
				ENABLE_TESTABILITY = YES;
				GCC_C_LANGUAGE_STANDARD = gnu11;
				GCC_DYNAMIC_NO_PIC = NO;
				GCC_NO_COMMON_BLOCKS = YES;
				GCC_OPTIMIZATION_LEVEL = 0;
				GCC_PREPROCESSOR_DEFINITIONS = (
					"DEBUG=1",
					"$(inherited)",
				);
				GCC_WARN_64_TO_32_BIT_CONVERSION = YES;
				GCC_WARN_ABOUT_RETURN_TYPE = YES_ERROR;
				GCC_WARN_UNDECLARED_SELECTOR = YES;
				GCC_WARN_UNINITIALIZED_AUTOS = YES_AGGRESSIVE;
				GCC_WARN_UNUSED_FUNCTION = YES;
				GCC_WARN_UNUSED_VARIABLE = YES;
				IPHONEOS_DEPLOYMENT_TARGET = 11.0;
				MTL_ENABLE_DEBUG_INFO = YES;
				ONLY_ACTIVE_ARCH = YES;
				SDKROOT = iphoneos;
				SWIFT_ACTIVE_COMPILATION_CONDITIONS = DEBUG;
				SWIFT_OPTIMIZATION_LEVEL = "-Onone";
			};
			name = Debug;
		};
		006920001EFDBA1D00B594FC /* Release */ = {
			isa = XCBuildConfiguration;
			buildSettings = {
				ALWAYS_SEARCH_USER_PATHS = NO;
				CLANG_ANALYZER_NONNULL = YES;
				CLANG_ANALYZER_NUMBER_OBJECT_CONVERSION = YES_AGGRESSIVE;
				CLANG_CXX_LANGUAGE_STANDARD = "gnu++14";
				CLANG_CXX_LIBRARY = "libc++";
				CLANG_ENABLE_MODULES = YES;
				CLANG_ENABLE_OBJC_ARC = YES;
				CLANG_WARN_BLOCK_CAPTURE_AUTORELEASING = YES;
				CLANG_WARN_BOOL_CONVERSION = YES;
				CLANG_WARN_COMMA = YES;
				CLANG_WARN_CONSTANT_CONVERSION = YES;
				CLANG_WARN_DIRECT_OBJC_ISA_USAGE = YES_ERROR;
				CLANG_WARN_DOCUMENTATION_COMMENTS = YES;
				CLANG_WARN_EMPTY_BODY = YES;
				CLANG_WARN_ENUM_CONVERSION = YES;
				CLANG_WARN_INFINITE_RECURSION = YES;
				CLANG_WARN_INT_CONVERSION = YES;
				CLANG_WARN_OBJC_ROOT_CLASS = YES_ERROR;
				CLANG_WARN_RANGE_LOOP_ANALYSIS = YES;
				CLANG_WARN_STRICT_PROTOTYPES = YES;
				CLANG_WARN_SUSPICIOUS_MOVE = YES;
				CLANG_WARN_UNGUARDED_AVAILABILITY = YES_AGGRESSIVE;
				CLANG_WARN_UNREACHABLE_CODE = YES;
				CLANG_WARN__DUPLICATE_METHOD_MATCH = YES;
				CODE_SIGN_IDENTITY = "iPhone Developer";
				COPY_PHASE_STRIP = NO;
				DEBUG_INFORMATION_FORMAT = "dwarf-with-dsym";
				ENABLE_NS_ASSERTIONS = NO;
				ENABLE_STRICT_OBJC_MSGSEND = YES;
				GCC_C_LANGUAGE_STANDARD = gnu11;
				GCC_NO_COMMON_BLOCKS = YES;
				GCC_WARN_64_TO_32_BIT_CONVERSION = YES;
				GCC_WARN_ABOUT_RETURN_TYPE = YES_ERROR;
				GCC_WARN_UNDECLARED_SELECTOR = YES;
				GCC_WARN_UNINITIALIZED_AUTOS = YES_AGGRESSIVE;
				GCC_WARN_UNUSED_FUNCTION = YES;
				GCC_WARN_UNUSED_VARIABLE = YES;
				IPHONEOS_DEPLOYMENT_TARGET = 11.0;
				MTL_ENABLE_DEBUG_INFO = NO;
				SDKROOT = iphoneos;
				SWIFT_OPTIMIZATION_LEVEL = "-Owholemodule";
				VALIDATE_PRODUCT = YES;
			};
			name = Release;
		};
		006920021EFDBA1D00B594FC /* Debug */ = {
			isa = XCBuildConfiguration;
			buildSettings = {
				ASSETCATALOG_COMPILER_APPICON_NAME = AppIcon;
				DEVELOPMENT_TEAM = 4DN5KQR8W8;
				INFOPLIST_FILE = ARKitFun/Info.plist;
				LD_RUNPATH_SEARCH_PATHS = "$(inherited) @executable_path/Frameworks";
				PRODUCT_BUNDLE_IDENTIFIER = ca.jeffreyfulton.ARKitFun;
				PRODUCT_NAME = "$(TARGET_NAME)";
				SWIFT_VERSION = 4.0;
				TARGETED_DEVICE_FAMILY = "1,2";
			};
			name = Debug;
		};
		006920031EFDBA1D00B594FC /* Release */ = {
			isa = XCBuildConfiguration;
			buildSettings = {
				ASSETCATALOG_COMPILER_APPICON_NAME = AppIcon;
				DEVELOPMENT_TEAM = 4DN5KQR8W8;
				INFOPLIST_FILE = ARKitFun/Info.plist;
				LD_RUNPATH_SEARCH_PATHS = "$(inherited) @executable_path/Frameworks";
				PRODUCT_BUNDLE_IDENTIFIER = ca.jeffreyfulton.ARKitFun;
				PRODUCT_NAME = "$(TARGET_NAME)";
				SWIFT_VERSION = 4.0;
				TARGETED_DEVICE_FAMILY = "1,2";
			};
			name = Release;
		};
/* End XCBuildConfiguration section */

/* Begin XCConfigurationList section */
		00691FE81EFDBA1D00B594FC /* Build configuration list for PBXProject "ARKitFun" */ = {
			isa = XCConfigurationList;
			buildConfigurations = (
				00691FFF1EFDBA1D00B594FC /* Debug */,
				006920001EFDBA1D00B594FC /* Release */,
			);
			defaultConfigurationIsVisible = 0;
			defaultConfigurationName = Release;
		};
		006920011EFDBA1D00B594FC /* Build configuration list for PBXNativeTarget "ARKitFun" */ = {
			isa = XCConfigurationList;
			buildConfigurations = (
				006920021EFDBA1D00B594FC /* Debug */,
				006920031EFDBA1D00B594FC /* Release */,
			);
			defaultConfigurationIsVisible = 0;
		};
/* End XCConfigurationList section */
	};
	rootObject = 00691FE51EFDBA1D00B594FC /* Project object */;
}
